
Microsoft Visual Studio Solution File, Format Version 12.00
# Visual Studio Version 17
VisualStudioVersion = 17.4.33122.133
MinimumVisualStudioVersion = 10.0.40219.1
Project("{9A19103F-16F7-4668-BE54-9A1E7A4F7556}") = "SmallStoreManagementSystem", "SmallStoreManagementSystem\SmallStoreManagementSystem.csproj", "{605727CC-904F-4878-966E-EE5BA8A11DAD}"
EndProject
Project("{FAE04EC0-301F-11D3-BF4B-00C04F79EFBC}") = "SmallStoreManagementSystemTests", "SmallStoreManagementSystemTests\SmallStoreManagementSystemTests.csproj", "{08DFEAEF-3AD4-4493-AE03-F22D55145D4A}"
EndProject
Global
	GlobalSection(SolutionConfigurationPlatforms) = preSolution
		Debug|Any CPU = Debug|Any CPU
		Release|Any CPU = Release|Any CPU
	EndGlobalSection
	GlobalSection(ProjectConfigurationPlatforms) = postSolution
		{605727CC-904F-4878-966E-EE5BA8A11DAD}.Debug|Any CPU.ActiveCfg = Debug|Any CPU
		{605727CC-904F-4878-966E-EE5BA8A11DAD}.Debug|Any CPU.Build.0 = Debug|Any CPU
		{605727CC-904F-4878-966E-EE5BA8A11DAD}.Release|Any CPU.ActiveCfg = Release|Any CPU
		{605727CC-904F-4878-966E-EE5BA8A11DAD}.Release|Any CPU.Build.0 = Release|Any CPU
		{08DFEAEF-3AD4-4493-AE03-F22D55145D4A}.Debug|Any CPU.ActiveCfg = Debug|Any CPU
		{08DFEAEF-3AD4-4493-AE03-F22D55145D4A}.Debug|Any CPU.Build.0 = Debug|Any CPU
		{08DFEAEF-3AD4-4493-AE03-F22D55145D4A}.Release|Any CPU.ActiveCfg = Release|Any CPU
		{08DFEAEF-3AD4-4493-AE03-F22D55145D4A}.Release|Any CPU.Build.0 = Release|Any CPU
	EndGlobalSection
	GlobalSection(SolutionProperties) = preSolution
		HideSolutionNode = FALSE
	EndGlobalSection
	GlobalSection(ExtensibilityGlobals) = postSolution
		SolutionGuid = {6C3BA6FD-A207-4C84-82E6-A087B7C66740}
	EndGlobalSection
EndGlobal
